
Microsoft Visual Studio Solution File, Format Version 12.00
# Visual Studio Version 17
VisualStudioVersion = 17.14.36511.14 d17.14
MinimumVisualStudioVersion = 10.0.40219.1
Project("{FAE04EC0-301F-11D3-BF4B-00C04F79EFBC}") = "BlackFlashCrit", "BlackFlashCrit.csproj", "{41046205-53F4-4D67-8B74-829CF8907621}"
EndProject
Global
	GlobalSection(SolutionConfigurationPlatforms) = preSolution
		Debug|Any CPU = Debug|Any CPU
		Release|Any CPU = Release|Any CPU
	EndGlobalSection
	GlobalSection(ProjectConfigurationPlatforms) = postSolution
		{41046205-53F4-4D67-8B74-829CF8907621}.Debug|Any CPU.ActiveCfg = Debug|Any CPU
		{41046205-53F4-4D67-8B74-829CF8907621}.Debug|Any CPU.Build.0 = Debug|Any CPU
		{41046205-53F4-4D67-8B74-829CF8907621}.Release|Any CPU.ActiveCfg = Release|Any CPU
		{41046205-53F4-4D67-8B74-829CF8907621}.Release|Any CPU.Build.0 = Release|Any CPU
	EndGlobalSection
	GlobalSection(SolutionProperties) = preSolution
		HideSolutionNode = FALSE
	EndGlobalSection
	GlobalSection(ExtensibilityGlobals) = postSolution
		SolutionGuid = {A835DE50-0224-432A-A778-E76E6EAF6AA2}
	EndGlobalSection
EndGlobal
